
Microsoft Visual Studio Solution File, Format Version 12.00
# Visual Studio Version 17
VisualStudioVersion = 17.2.32616.157
MinimumVisualStudioVersion = 10.0.40219.1
Project("{FAE04EC0-301F-11D3-BF4B-00C04F79EFBC}") = "InventoryV3", "InventoryV3\InventoryV3.csproj", "{E0030C3F-D315-4C71-973B-4D1A36E691B7}"
EndProject
Project("{FAE04EC0-301F-11D3-BF4B-00C04F79EFBC}") = "InventoryV3.Tests", "InventoryV3.Tests\InventoryV3.Tests.csproj", "{8CEE27B3-C17F-4A1F-9023-28B87CC2B009}"
EndProject
Global
	GlobalSection(SolutionConfigurationPlatforms) = preSolution
		Debug|Any CPU = Debug|Any CPU
		Release|Any CPU = Release|Any CPU
	EndGlobalSection
	GlobalSection(ProjectConfigurationPlatforms) = postSolution
		{E0030C3F-D315-4C71-973B-4D1A36E691B7}.Debug|Any CPU.ActiveCfg = Debug|Any CPU
		{E0030C3F-D315-4C71-973B-4D1A36E691B7}.Debug|Any CPU.Build.0 = Debug|Any CPU
		{E0030C3F-D315-4C71-973B-4D1A36E691B7}.Release|Any CPU.ActiveCfg = Release|Any CPU
		{E0030C3F-D315-4C71-973B-4D1A36E691B7}.Release|Any CPU.Build.0 = Release|Any CPU
		{8CEE27B3-C17F-4A1F-9023-28B87CC2B009}.Debug|Any CPU.ActiveCfg = Debug|Any CPU
		{8CEE27B3-C17F-4A1F-9023-28B87CC2B009}.Debug|Any CPU.Build.0 = Debug|Any CPU
		{8CEE27B3-C17F-4A1F-9023-28B87CC2B009}.Release|Any CPU.ActiveCfg = Release|Any CPU
		{8CEE27B3-C17F-4A1F-9023-28B87CC2B009}.Release|Any CPU.Build.0 = Release|Any CPU
	EndGlobalSection
	GlobalSection(SolutionProperties) = preSolution
		HideSolutionNode = FALSE
	EndGlobalSection
	GlobalSection(ExtensibilityGlobals) = postSolution
		SolutionGuid = {E6B8731B-F0ED-4F94-A4FB-AC62623C2211}
	EndGlobalSection
EndGlobal
